
Microsoft Visual Studio Solution File, Format Version 12.00
# Visual Studio 15
VisualStudioVersion = 15.0.28010.0
MinimumVisualStudioVersion = 10.0.40219.1
Project("{FAE04EC0-301F-11D3-BF4B-00C04F79EFBC}") = "TeamWebsite", "TeamWebsite\TeamWebsite.csproj", "{4801E29E-F0C5-4A38-ACCC-83F3668FCC2B}"
EndProject
Global
	GlobalSection(SolutionConfigurationPlatforms) = preSolution
		Debug|Any CPU = Debug|Any CPU
		Release|Any CPU = Release|Any CPU
	EndGlobalSection
	GlobalSection(ProjectConfigurationPlatforms) = postSolution
		{4801E29E-F0C5-4A38-ACCC-83F3668FCC2B}.Debug|Any CPU.ActiveCfg = Debug|Any CPU
		{4801E29E-F0C5-4A38-ACCC-83F3668FCC2B}.Debug|Any CPU.Build.0 = Debug|Any CPU
		{4801E29E-F0C5-4A38-ACCC-83F3668FCC2B}.Release|Any CPU.ActiveCfg = Release|Any CPU
		{4801E29E-F0C5-4A38-ACCC-83F3668FCC2B}.Release|Any CPU.Build.0 = Release|Any CPU
	EndGlobalSection
	GlobalSection(SolutionProperties) = preSolution
		HideSolutionNode = FALSE
	EndGlobalSection
	GlobalSection(ExtensibilityGlobals) = postSolution
		SolutionGuid = {AEAD634C-BFB0-4F76-B007-FDBFD389E396}
	EndGlobalSection
EndGlobal
